// !$*UTF8*$!
{
	archiveVersion = 1;
	classes = {
	};
	objectVersion = 50;
	objects = {

/* Begin PBXBuildFile section */
		18E9F66A25E4336B006FCF09 /* AppDelegate.swift in Sources */ = {isa = PBXBuildFile; fileRef = 18E9F66925E4336B006FCF09 /* AppDelegate.swift */; };
		18E9F66C25E4336B006FCF09 /* SceneDelegate.swift in Sources */ = {isa = PBXBuildFile; fileRef = 18E9F66B25E4336B006FCF09 /* SceneDelegate.swift */; };
		18E9F66E25E4336B006FCF09 /* ContentView.swift in Sources */ = {isa = PBXBuildFile; fileRef = 18E9F66D25E4336B006FCF09 /* ContentView.swift */; };
		18E9F67025E4336E006FCF09 /* Assets.xcassets in Resources */ = {isa = PBXBuildFile; fileRef = 18E9F66F25E4336E006FCF09 /* Assets.xcassets */; };
		18E9F67325E4336E006FCF09 /* Preview Assets.xcassets in Resources */ = {isa = PBXBuildFile; fileRef = 18E9F67225E4336E006FCF09 /* Preview Assets.xcassets */; };
		18E9F67625E4336E006FCF09 /* LaunchScreen.storyboard in Resources */ = {isa = PBXBuildFile; fileRef = 18E9F67425E4336E006FCF09 /* LaunchScreen.storyboard */; };
		18E9F67F25E43385006FCF09 /* ImagePicker.swift in Sources */ = {isa = PBXBuildFile; fileRef = 18E9F67E25E43385006FCF09 /* ImagePicker.swift */; };
/* End PBXBuildFile section */

/* Begin PBXFileReference section */
		18E9F66625E4336B006FCF09 /* ImagePickerSwiftUI.app */ = {isa = PBXFileReference; explicitFileType = wrapper.application; includeInIndex = 0; path = ImagePickerSwiftUI.app; sourceTree = BUILT_PRODUCTS_DIR; };
		18E9F66925E4336B006FCF09 /* AppDelegate.swift */ = {isa = PBXFileReference; lastKnownFileType = sourcecode.swift; path = AppDelegate.swift; sourceTree = "<group>"; };
		18E9F66B25E4336B006FCF09 /* SceneDelegate.swift */ = {isa = PBXFileReference; lastKnownFileType = sourcecode.swift; path = SceneDelegate.swift; sourceTree = "<group>"; };
		18E9F66D25E4336B006FCF09 /* ContentView.swift */ = {isa = PBXFileReference; lastKnownFileType = sourcecode.swift; path = ContentView.swift; sourceTree = "<group>"; };
		18E9F66F25E4336E006FCF09 /* Assets.xcassets */ = {isa = PBXFileReference; lastKnownFileType = folder.assetcatalog; path = Assets.xcassets; sourceTree = "<group>"; };
		18E9F67225E4336E006FCF09 /* Preview Assets.xcassets */ = {isa = PBXFileReference; lastKnownFileType = folder.assetcatalog; path = "Preview Assets.xcassets"; sourceTree = "<group>"; };
		18E9F67525E4336E006FCF09 /* Base */ = {isa = PBXFileReference; lastKnownFileType = file.storyboard; name = Base; path = Base.lproj/LaunchScreen.storyboard; sourceTree = "<group>"; };
		18E9F67725E4336E006FCF09 /* Info.plist */ = {isa = PBXFileReference; lastKnownFileType = text.plist.xml; path = Info.plist; sourceTree = "<group>"; };
		18E9F67E25E43385006FCF09 /* ImagePicker.swift */ = {isa = PBXFileReference; lastKnownFileType = sourcecode.swift; path = ImagePicker.swift; sourceTree = "<group>"; };
/* End PBXFileReference section */

/* Begin PBXFrameworksBuildPhase section */
		18E9F66325E4336B006FCF09 /* Frameworks */ = {
			isa = PBXFrameworksBuildPhase;
			buildActionMask = 2147483647;
			files = (
			);
			runOnlyForDeploymentPostprocessing = 0;
		};
/* End PBXFrameworksBuildPhase section */

/* Begin PBXGroup section */
		18E9F65D25E4336B006FCF09 = {
			isa = PBXGroup;
			children = (
				18E9F66825E4336B006FCF09 /* ImagePickerSwiftUI */,
				18E9F66725E4336B006FCF09 /* Products */,
			);
			sourceTree = "<group>";
		};
		18E9F66725E4336B006FCF09 /* Products */ = {
			isa = PBXGroup;
			children = (
				18E9F66625E4336B006FCF09 /* ImagePickerSwiftUI.app */,
			);
			name = Products;
			sourceTree = "<group>";
		};
		18E9F66825E4336B006FCF09 /* ImagePickerSwiftUI */ = {
			isa = PBXGroup;
			children = (
				18E9F66925E4336B006FCF09 /* AppDelegate.swift */,
				18E9F66B25E4336B006FCF09 /* SceneDelegate.swift */,
				18E9F66D25E4336B006FCF09 /* ContentView.swift */,
				18E9F66F25E4336E006FCF09 /* Assets.xcassets */,
				18E9F67425E4336E006FCF09 /* LaunchScreen.storyboard */,
				18E9F67725E4336E006FCF09 /* Info.plist */,
				18E9F67125E4336E006FCF09 /* Preview Content */,
				18E9F67E25E43385006FCF09 /* ImagePicker.swift */,
			);
			path = ImagePickerSwiftUI;
			sourceTree = "<group>";
		};
		18E9F67125E4336E006FCF09 /* Preview Content */ = {
			isa = PBXGroup;
			children = (
				18E9F67225E4336E006FCF09 /* Preview Assets.xcassets */,
			);
			path = "Preview Content";
			sourceTree = "<group>";
		};
/* End PBXGroup section */

/* Begin PBXNativeTarget section */
		18E9F66525E4336B006FCF09 /* ImagePickerSwiftUI */ = {
			isa = PBXNativeTarget;
			buildConfigurationList = 18E9F67A25E4336E006FCF09 /* Build configuration list for PBXNativeTarget "ImagePickerSwiftUI" */;
			buildPhases = (
				18E9F66225E4336B006FCF09 /* Sources */,
				18E9F66325E4336B006FCF09 /* Frameworks */,
				18E9F66425E4336B006FCF09 /* Resources */,
			);
			buildRules = (
			);
			dependencies = (
			);
			name = ImagePickerSwiftUI;
			productName = ImagePickerSwiftUI;
			productReference = 18E9F66625E4336B006FCF09 /* ImagePickerSwiftUI.app */;
			productType = "com.apple.product-type.application";
		};
/* End PBXNativeTarget section */

/* Begin PBXProject section */
		18E9F65E25E4336B006FCF09 /* Project object */ = {
			isa = PBXProject;
			attributes = {
				LastSwiftUpdateCheck = 1240;
				LastUpgradeCheck = 1240;
				TargetAttributes = {
					18E9F66525E4336B006FCF09 = {
						CreatedOnToolsVersion = 12.4;
					};
				};
			};
			buildConfigurationList = 18E9F66125E4336B006FCF09 /* Build configuration list for PBXProject "ImagePickerSwiftUI" */;
			compatibilityVersion = "Xcode 9.3";
			developmentRegion = en;
			hasScannedForEncodings = 0;
			knownRegions = (
				en,
				Base,
			);
			mainGroup = 18E9F65D25E4336B006FCF09;
			productRefGroup = 18E9F66725E4336B006FCF09 /* Products */;
			projectDirPath = "";
			projectRoot = "";
			targets = (
				18E9F66525E4336B006FCF09 /* ImagePickerSwiftUI */,
			);
		};
/* End PBXProject section */

/* Begin PBXResourcesBuildPhase section */
		18E9F66425E4336B006FCF09 /* Resources */ = {
			isa = PBXResourcesBuildPhase;
			buildActionMask = 2147483647;
			files = (
				18E9F67625E4336E006FCF09 /* LaunchScreen.storyboard in Resources */,
				18E9F67325E4336E006FCF09 /* Preview Assets.xcassets in Resources */,
				18E9F67025E4336E006FCF09 /* Assets.xcassets in Resources */,
			);
			runOnlyForDeploymentPostprocessing = 0;
		};
/* End PBXResourcesBuildPhase section */

/* Begin PBXSourcesBuildPhase section */
		18E9F66225E4336B006FCF09 /* Sources */ = {
			isa = PBXSourcesBuildPhase;
			buildActionMask = 2147483647;
			files = (
				18E9F66A25E4336B006FCF09 /* AppDelegate.swift in Sources */,
				18E9F67F25E43385006FCF09 /* ImagePicker.swift in Sources */,
				18E9F66C25E4336B006FCF09 /* SceneDelegate.swift in Sources */,
				18E9F66E25E4336B006FCF09 /* ContentView.swift in Sources */,
			);
			runOnlyForDeploymentPostprocessing = 0;
		};
/* End PBXSourcesBuildPhase section */

/* Begin PBXVariantGroup section */
		18E9F67425E4336E006FCF09 /* LaunchScreen.storyboard */ = {
			isa = PBXVariantGroup;
			children = (
				18E9F67525E4336E006FCF09 /* Base */,
			);
			name = LaunchScreen.storyboard;
			sourceTree = "<group>";
		};
/* End PBXVariantGroup section */

/* Begin XCBuildConfiguration section */
		18E9F67825E4336E006FCF09 /* Debug */ = {
			isa = XCBuildConfiguration;
			buildSettings = {
				ALWAYS_SEARCH_USER_PATHS = NO;
				CLANG_ANALYZER_NONNULL = YES;
				CLANG_ANALYZER_NUMBER_OBJECT_CONVERSION = YES_AGGRESSIVE;
				CLANG_CXX_LANGUAGE_STANDARD = "gnu++14";
				CLANG_CXX_LIBRARY = "libc++";
				CLANG_ENABLE_MODULES = YES;
				CLANG_ENABLE_OBJC_ARC = YES;
				CLANG_ENABLE_OBJC_WEAK = YES;
				CLANG_WARN_BLOCK_CAPTURE_AUTORELEASING = YES;
				CLANG_WARN_BOOL_CONVERSION = YES;
				CLANG_WARN_COMMA = YES;
				CLANG_WARN_CONSTANT_CONVERSION = YES;
				CLANG_WARN_DEPRECATED_OBJC_IMPLEMENTATIONS = YES;
				CLANG_WARN_DIRECT_OBJC_ISA_USAGE = YES_ERROR;
				CLANG_WARN_DOCUMENTATION_COMMENTS = YES;
				CLANG_WARN_EMPTY_BODY = YES;
				CLANG_WARN_ENUM_CONVERSION = YES;
				CLANG_WARN_INFINITE_RECURSION = YES;
				CLANG_WARN_INT_CONVERSION = YES;
				CLANG_WARN_NON_LITERAL_NULL_CONVERSION = YES;
				CLANG_WARN_OBJC_IMPLICIT_RETAIN_SELF = YES;
				CLANG_WARN_OBJC_LITERAL_CONVERSION = YES;
				CLANG_WARN_OBJC_ROOT_CLASS = YES_ERROR;
				CLANG_WARN_QUOTED_INCLUDE_IN_FRAMEWORK_HEADER = YES;
				CLANG_WARN_RANGE_LOOP_ANALYSIS = YES;
				CLANG_WARN_STRICT_PROTOTYPES = YES;
				CLANG_WARN_SUSPICIOUS_MOVE = YES;
				CLANG_WARN_UNGUARDED_AVAILABILITY = YES_AGGRESSIVE;
				CLANG_WARN_UNREACHABLE_CODE = YES;
				CLANG_WARN__DUPLICATE_METHOD_MATCH = YES;
				COPY_PHASE_STRIP = NO;
				DEBUG_INFORMATION_FORMAT = dwarf;
				ENABLE_STRICT_OBJC_MSGSEND = YES;
				ENABLE_TESTABILITY = YES;
				GCC_C_LANGUAGE_STANDARD = gnu11;
				GCC_DYNAMIC_NO_PIC = NO;
				GCC_NO_COMMON_BLOCKS = YES;
				GCC_OPTIMIZATION_LEVEL = 0;
				GCC_PREPROCESSOR_DEFINITIONS = (
					"DEBUG=1",
					"$(inherited)",
				);
				GCC_WARN_64_TO_32_BIT_CONVERSION = YES;
				GCC_WARN_ABOUT_RETURN_TYPE = YES_ERROR;
				GCC_WARN_UNDECLARED_SELECTOR = YES;
				GCC_WARN_UNINITIALIZED_AUTOS = YES_AGGRESSIVE;
				GCC_WARN_UNUSED_FUNCTION = YES;
				GCC_WARN_UNUSED_VARIABLE = YES;
				IPHONEOS_DEPLOYMENT_TARGET = 14.4;
				MTL_ENABLE_DEBUG_INFO = INCLUDE_SOURCE;
				MTL_FAST_MATH = YES;
				ONLY_ACTIVE_ARCH = YES;
				SDKROOT = iphoneos;
				SWIFT_ACTIVE_COMPILATION_CONDITIONS = DEBUG;
				SWIFT_OPTIMIZATION_LEVEL = "-Onone";
			};
			name = Debug;
		};
		18E9F67925E4336E006FCF09 /* Release */ = {
			isa = XCBuildConfiguration;
			buildSettings = {
				ALWAYS_SEARCH_USER_PATHS = NO;
				CLANG_ANALYZER_NONNULL = YES;
				CLANG_ANALYZER_NUMBER_OBJECT_CONVERSION = YES_AGGRESSIVE;
				CLANG_CXX_LANGUAGE_STANDARD = "gnu++14";
				CLANG_CXX_LIBRARY = "libc++";
				CLANG_ENABLE_MODULES = YES;
				CLANG_ENABLE_OBJC_ARC = YES;
				CLANG_ENABLE_OBJC_WEAK = YES;
				CLANG_WARN_BLOCK_CAPTURE_AUTORELEASING = YES;
				CLANG_WARN_BOOL_CONVERSION = YES;
				CLANG_WARN_COMMA = YES;
				CLANG_WARN_CONSTANT_CONVERSION = YES;
				CLANG_WARN_DEPRECATED_OBJC_IMPLEMENTATIONS = YES;
				CLANG_WARN_DIRECT_OBJC_ISA_USAGE = YES_ERROR;
				CLANG_WARN_DOCUMENTATION_COMMENTS = YES;
				CLANG_WARN_EMPTY_BODY = YES;
				CLANG_WARN_ENUM_CONVERSION = YES;
				CLANG_WARN_INFINITE_RECURSION = YES;
				CLANG_WARN_INT_CONVERSION = YES;
				CLANG_WARN_NON_LITERAL_NULL_CONVERSION = YES;
				CLANG_WARN_OBJC_IMPLICIT_RETAIN_SELF = YES;
				CLANG_WARN_OBJC_LITERAL_CONVERSION = YES;
				CLANG_WARN_OBJC_ROOT_CLASS = YES_ERROR;
				CLANG_WARN_QUOTED_INCLUDE_IN_FRAMEWORK_HEADER = YES;
				CLANG_WARN_RANGE_LOOP_ANALYSIS = YES;
				CLANG_WARN_STRICT_PROTOTYPES = YES;
				CLANG_WARN_SUSPICIOUS_MOVE = YES;
				CLANG_WARN_UNGUARDED_AVAILABILITY = YES_AGGRESSIVE;
				CLANG_WARN_UNREACHABLE_CODE = YES;
				CLANG_WARN__DUPLICATE_METHOD_MATCH = YES;
				COPY_PHASE_STRIP = NO;
				DEBUG_INFORMATION_FORMAT = "dwarf-with-dsym";
				ENABLE_NS_ASSERTIONS = NO;
				ENABLE_STRICT_OBJC_MSGSEND = YES;
				GCC_C_LANGUAGE_STANDARD = gnu11;
				GCC_NO_COMMON_BLOCKS = YES;
				GCC_WARN_64_TO_32_BIT_CONVERSION = YES;
				GCC_WARN_ABOUT_RETURN_TYPE = YES_ERROR;
				GCC_WARN_UNDECLARED_SELECTOR = YES;
				GCC_WARN_UNINITIALIZED_AUTOS = YES_AGGRESSIVE;
				GCC_WARN_UNUSED_FUNCTION = YES;
				GCC_WARN_UNUSED_VARIABLE = YES;
				IPHONEOS_DEPLOYMENT_TARGET = 14.4;
				MTL_ENABLE_DEBUG_INFO = NO;
				MTL_FAST_MATH = YES;
				SDKROOT = iphoneos;
				SWIFT_COMPILATION_MODE = wholemodule;
				SWIFT_OPTIMIZATION_LEVEL = "-O";
				VALIDATE_PRODUCT = YES;
			};
			name = Release;
		};
		18E9F67B25E4336E006FCF09 /* Debug */ = {
			isa = XCBuildConfiguration;
			buildSettings = {
				ASSETCATALOG_COMPILER_APPICON_NAME = AppIcon;
				ASSETCATALOG_COMPILER_GLOBAL_ACCENT_COLOR_NAME = AccentColor;
				CODE_SIGN_STYLE = Automatic;
				DEVELOPMENT_ASSET_PATHS = "\"ImagePickerSwiftUI/Preview Content\"";
				DEVELOPMENT_TEAM = 3HNPE2X8UV;
				ENABLE_PREVIEWS = YES;
				INFOPLIST_FILE = ImagePickerSwiftUI/Info.plist;
				LD_RUNPATH_SEARCH_PATHS = (
					"$(inherited)",
					"@executable_path/Frameworks",
				);
				PRODUCT_BUNDLE_IDENTIFIER = com.welsfit.ImagePickerSwiftUI;
				PRODUCT_NAME = "$(TARGET_NAME)";
				SWIFT_VERSION = 5.0;
				TARGETED_DEVICE_FAMILY = "1,2";
			};
			name = Debug;
		};
		18E9F67C25E4336E006FCF09 /* Release */ = {
			isa = XCBuildConfiguration;
			buildSettings = {
				ASSETCATALOG_COMPILER_APPICON_NAME = AppIcon;
				ASSETCATALOG_COMPILER_GLOBAL_ACCENT_COLOR_NAME = AccentColor;
				CODE_SIGN_STYLE = Automatic;
				DEVELOPMENT_ASSET_PATHS = "\"ImagePickerSwiftUI/Preview Content\"";
				DEVELOPMENT_TEAM = 3HNPE2X8UV;
				ENABLE_PREVIEWS = YES;
				INFOPLIST_FILE = ImagePickerSwiftUI/Info.plist;
				LD_RUNPATH_SEARCH_PATHS = (
					"$(inherited)",
					"@executable_path/Frameworks",
				);
				PRODUCT_BUNDLE_IDENTIFIER = com.welsfit.ImagePickerSwiftUI;
				PRODUCT_NAME = "$(TARGET_NAME)";
				SWIFT_VERSION = 5.0;
				TARGETED_DEVICE_FAMILY = "1,2";
			};
			name = Release;
		};
/* End XCBuildConfiguration section */

/* Begin XCConfigurationList section */
		18E9F66125E4336B006FCF09 /* Build configuration list for PBXProject "ImagePickerSwiftUI" */ = {
			isa = XCConfigurationList;
			buildConfigurations = (
				18E9F67825E4336E006FCF09 /* Debug */,
				18E9F67925E4336E006FCF09 /* Release */,
			);
			defaultConfigurationIsVisible = 0;
			defaultConfigurationName = Release;
		};
		18E9F67A25E4336E006FCF09 /* Build configuration list for PBXNativeTarget "ImagePickerSwiftUI" */ = {
			isa = XCConfigurationList;
			buildConfigurations = (
				18E9F67B25E4336E006FCF09 /* Debug */,
				18E9F67C25E4336E006FCF09 /* Release */,
			);
			defaultConfigurationIsVisible = 0;
			defaultConfigurationName = Release;
		};
/* End XCConfigurationList section */
	};
	rootObject = 18E9F65E25E4336B006FCF09 /* Project object */;
}
